uuid: 077bbe56-9600-4346-95c9-7d8f6be749e8
langcode: en
status: true
dependencies:
  module:
    - menu_ui
third_party_settings:
  menu_ui:
    available_menus:
      - main-menu
    parent: 'main-menu:0:'
name: 'Homepage San Francisco Block'
type: homepage_san_francisco_block
description: ''
help: ''
new_revision: false
preview_mode: 1
display_submitted: false
